github.com/daulet/tokenizers v1.23.0 h1:I+TUWtonvT7WStFew4gpT6ahSgnt2Go90rBBawtnAd4=
github.com/daulet/tokenizers v1.23.0/go.mod h1:tGnMdZthXdcWY6DGD07IygpwJqiPvG85FQUnhs/wSCs=
github.com/gorilla/mux v1.8.1 h1:TuBL49tXwgrFYWhqrNgrUNEY92u81SPhu7sTdzQEiWY=
github.com/gorilla/mux v1.8.1/go.mod h1:AKf9I4AEqPTmMytcMc0KkNouC66V3BtZ4qD5fmWSiMQ=
github.com/rs/cors v1.11.0 h1:0B9GE/r9Bc2UxRMMtymBkHTenPkHDv0CW4Y98GBY+po=
github.com/rs/cors v1.11.0/go.mod h1:XyqrcTp5zjWr1wsJ8PIRZssZ8b/WMcMf71DJnit4EMU=
github.com/yalue/onnxruntime_go v1.21.0 h1:DdtvfY7OP5gR8mwPDqAOAQckf+KcI30hPNJL8hQaYWI=
github.com/yalue/onnxruntime_go v1.21.0/go.mod h1:b4X26A8pekNb1ACJ58wAXgNKeUCGEAQ9dmACut9Sm/4=
